
Microsoft Visual Studio Solution File, Format Version 12.00
# Visual Studio Version 17
VisualStudioVersion = 17.0.32112.339
MinimumVisualStudioVersion = 10.0.40219.1
Project("{FAE04EC0-301F-11D3-BF4B-00C04F79EFBC}") = "FirstOOPProject", "FirstOOPProject.csproj", "{FD1028B0-3470-49A7-BF15-689DBC1B4157}"
EndProject
Global
	GlobalSection(SolutionConfigurationPlatforms) = preSolution
		Debug|Any CPU = Debug|Any CPU
		Release|Any CPU = Release|Any CPU
	EndGlobalSection
	GlobalSection(ProjectConfigurationPlatforms) = postSolution
		{FD1028B0-3470-49A7-BF15-689DBC1B4157}.Debug|Any CPU.ActiveCfg = Debug|Any CPU
		{FD1028B0-3470-49A7-BF15-689DBC1B4157}.Debug|Any CPU.Build.0 = Debug|Any CPU
		{FD1028B0-3470-49A7-BF15-689DBC1B4157}.Release|Any CPU.ActiveCfg = Release|Any CPU
		{FD1028B0-3470-49A7-BF15-689DBC1B4157}.Release|Any CPU.Build.0 = Release|Any CPU
	EndGlobalSection
	GlobalSection(SolutionProperties) = preSolution
		HideSolutionNode = FALSE
	EndGlobalSection
	GlobalSection(ExtensibilityGlobals) = postSolution
		SolutionGuid = {8EAA0942-CC63-4D99-AF9A-2D3C5952B385}
	EndGlobalSection
EndGlobal
